// !$*UTF8*$!
{
	archiveVersion = 1;
	classes = {
	};
	objectVersion = 50;
	objects = {

/* Begin PBXBuildFile section */
		49DBB8C423921D6100EBC759 /* AppDelegate.swift in Sources */ = {isa = PBXBuildFile; fileRef = 49DBB8C323921D6100EBC759 /* AppDelegate.swift */; };
		49DBB8C623921D6100EBC759 /* ContentView.swift in Sources */ = {isa = PBXBuildFile; fileRef = 49DBB8C523921D6100EBC759 /* ContentView.swift */; };
		49DBB8C823921D6200EBC759 /* Assets.xcassets in Resources */ = {isa = PBXBuildFile; fileRef = 49DBB8C723921D6200EBC759 /* Assets.xcassets */; };
		49DBB8CB23921D6200EBC759 /* Preview Assets.xcassets in Resources */ = {isa = PBXBuildFile; fileRef = 49DBB8CA23921D6200EBC759 /* Preview Assets.xcassets */; };
		49DBB8CE23921D6200EBC759 /* Main.storyboard in Resources */ = {isa = PBXBuildFile; fileRef = 49DBB8CC23921D6200EBC759 /* Main.storyboard */; };
		49DBB8FD23921E2A00EBC759 /* load_s3m.cpp in Sources */ = {isa = PBXBuildFile; fileRef = 49DBB8D823921E2900EBC759 /* load_s3m.cpp */; };
		49DBB8FE23921E2A00EBC759 /* load_xm.cpp in Sources */ = {isa = PBXBuildFile; fileRef = 49DBB8D923921E2900EBC759 /* load_xm.cpp */; };
		49DBB8FF23921E2A00EBC759 /* load_dmf.cpp in Sources */ = {isa = PBXBuildFile; fileRef = 49DBB8DA23921E2900EBC759 /* load_dmf.cpp */; };
		49DBB90023921E2A00EBC759 /* snd_flt.cpp in Sources */ = {isa = PBXBuildFile; fileRef = 49DBB8DB23921E2900EBC759 /* snd_flt.cpp */; };
		49DBB90123921E2A00EBC759 /* load_amf.cpp in Sources */ = {isa = PBXBuildFile; fileRef = 49DBB8DD23921E2900EBC759 /* load_amf.cpp */; };
		49DBB90223921E2A00EBC759 /* load_669.cpp in Sources */ = {isa = PBXBuildFile; fileRef = 49DBB8DE23921E2900EBC759 /* load_669.cpp */; };
		49DBB90323921E2A00EBC759 /* load_wav.cpp in Sources */ = {isa = PBXBuildFile; fileRef = 49DBB8DF23921E2900EBC759 /* load_wav.cpp */; };
		49DBB90423921E2A00EBC759 /* load_umx.cpp in Sources */ = {isa = PBXBuildFile; fileRef = 49DBB8E123921E2900EBC759 /* load_umx.cpp */; };
		49DBB90523921E2A00EBC759 /* load_psm.cpp in Sources */ = {isa = PBXBuildFile; fileRef = 49DBB8E223921E2900EBC759 /* load_psm.cpp */; };
		49DBB90623921E2A00EBC759 /* load_stm.cpp in Sources */ = {isa = PBXBuildFile; fileRef = 49DBB8E323921E2900EBC759 /* load_stm.cpp */; };
		49DBB90723921E2A00EBC759 /* load_mid.cpp in Sources */ = {isa = PBXBuildFile; fileRef = 49DBB8E423921E2900EBC759 /* load_mid.cpp */; };
		49DBB90823921E2A00EBC759 /* snd_fx.cpp in Sources */ = {isa = PBXBuildFile; fileRef = 49DBB8E523921E2900EBC759 /* snd_fx.cpp */; };
		49DBB90923921E2A00EBC759 /* load_ptm.cpp in Sources */ = {isa = PBXBuildFile; fileRef = 49DBB8E623921E2900EBC759 /* load_ptm.cpp */; };
		49DBB90A23921E2A00EBC759 /* load_okt.cpp in Sources */ = {isa = PBXBuildFile; fileRef = 49DBB8E723921E2900EBC759 /* load_okt.cpp */; };
		49DBB90B23921E2A00EBC759 /* load_it.cpp in Sources */ = {isa = PBXBuildFile; fileRef = 49DBB8E823921E2900EBC759 /* load_it.cpp */; };
		49DBB90C23921E2A00EBC759 /* mmcmp.cpp in Sources */ = {isa = PBXBuildFile; fileRef = 49DBB8E923921E2900EBC759 /* mmcmp.cpp */; };
		49DBB90D23921E2A00EBC759 /* fastmix.cpp in Sources */ = {isa = PBXBuildFile; fileRef = 49DBB8EA23921E2900EBC759 /* fastmix.cpp */; };
		49DBB90E23921E2A00EBC759 /* load_ams.cpp in Sources */ = {isa = PBXBuildFile; fileRef = 49DBB8EB23921E2900EBC759 /* load_ams.cpp */; };
		49DBB90F23921E2A00EBC759 /* snd_dsp.cpp in Sources */ = {isa = PBXBuildFile; fileRef = 49DBB8ED23921E2900EBC759 /* snd_dsp.cpp */; };
		49DBB91023921E2A00EBC759 /* load_mdl.cpp in Sources */ = {isa = PBXBuildFile; fileRef = 49DBB8EE23921E2900EBC759 /* load_mdl.cpp */; };
		49DBB91123921E2A00EBC759 /* load_dbm.cpp in Sources */ = {isa = PBXBuildFile; fileRef = 49DBB8EF23921E2900EBC759 /* load_dbm.cpp */; };
		49DBB91223921E2A00EBC759 /* sndfile.cpp in Sources */ = {isa = PBXBuildFile; fileRef = 49DBB8F023921E2A00EBC759 /* sndfile.cpp */; };
		49DBB91323921E2A00EBC759 /* modplug.cpp in Sources */ = {isa = PBXBuildFile; fileRef = 49DBB8F123921E2A00EBC759 /* modplug.cpp */; };
		49DBB91423921E2A00EBC759 /* load_pat.cpp in Sources */ = {isa = PBXBuildFile; fileRef = 49DBB8F223921E2A00EBC759 /* load_pat.cpp */; };
		49DBB91523921E2A00EBC759 /* load_far.cpp in Sources */ = {isa = PBXBuildFile; fileRef = 49DBB8F323921E2A00EBC759 /* load_far.cpp */; };
		49DBB91623921E2A00EBC759 /* load_j2b.cpp in Sources */ = {isa = PBXBuildFile; fileRef = 49DBB8F423921E2A00EBC759 /* load_j2b.cpp */; };
		49DBB91723921E2A00EBC759 /* load_abc.cpp in Sources */ = {isa = PBXBuildFile; fileRef = 49DBB8F523921E2A00EBC759 /* load_abc.cpp */; };
		49DBB91823921E2A00EBC759 /* load_ult.cpp in Sources */ = {isa = PBXBuildFile; fileRef = 49DBB8F623921E2A00EBC759 /* load_ult.cpp */; };
		49DBB91923921E2A00EBC759 /* load_dsm.cpp in Sources */ = {isa = PBXBuildFile; fileRef = 49DBB8F723921E2A00EBC759 /* load_dsm.cpp */; };
		49DBB91A23921E2A00EBC759 /* load_mtm.cpp in Sources */ = {isa = PBXBuildFile; fileRef = 49DBB8F823921E2A00EBC759 /* load_mtm.cpp */; };
		49DBB91B23921E2A00EBC759 /* sndmix.cpp in Sources */ = {isa = PBXBuildFile; fileRef = 49DBB8F923921E2A00EBC759 /* sndmix.cpp */; };
		49DBB91C23921E2A00EBC759 /* load_mod.cpp in Sources */ = {isa = PBXBuildFile; fileRef = 49DBB8FA23921E2A00EBC759 /* load_mod.cpp */; };
		49DBB91D23921E2A00EBC759 /* load_med.cpp in Sources */ = {isa = PBXBuildFile; fileRef = 49DBB8FB23921E2A00EBC759 /* load_med.cpp */; };
		49DBB91E23921E2A00EBC759 /* load_mt2.cpp in Sources */ = {isa = PBXBuildFile; fileRef = 49DBB8FC23921E2A00EBC759 /* load_mt2.cpp */; };
		49DBB92323921F3F00EBC759 /* libmodplug in Resources */ = {isa = PBXBuildFile; fileRef = 49DBB92223921F3F00EBC759 /* libmodplug */; };
		49DBB9262392262300EBC759 /* DEADLOCK.XM in Resources */ = {isa = PBXBuildFile; fileRef = 49DBB9252392256800EBC759 /* DEADLOCK.XM */; };
		49DBB9282392F95300EBC759 /* ModPlugPlayer.swift in Sources */ = {isa = PBXBuildFile; fileRef = 49DBB9272392F95300EBC759 /* ModPlugPlayer.swift */; };
		49DBB92B2394579700EBC759 /* LCDPixelArt.swift in Sources */ = {isa = PBXBuildFile; fileRef = 49DBB92A2394579700EBC759 /* LCDPixelArt.swift */; };
		49DBB92D2394590000EBC759 /* Cropped.swift in Sources */ = {isa = PBXBuildFile; fileRef = 49DBB92C2394590000EBC759 /* Cropped.swift */; };
		49DBB92F2394B75F00EBC759 /* LCDText.swift in Sources */ = {isa = PBXBuildFile; fileRef = 49DBB92E2394B75F00EBC759 /* LCDText.swift */; };
		49DBB9352394C1DD00EBC759 /* modplug_extra_api.cpp in Sources */ = {isa = PBXBuildFile; fileRef = 49DBB9332394C1DD00EBC759 /* modplug_extra_api.cpp */; };
/* End PBXBuildFile section */

/* Begin PBXFileReference section */
		49DBB8C023921D6100EBC759 /* ModPlug.app */ = {isa = PBXFileReference; explicitFileType = wrapper.application; includeInIndex = 0; path = ModPlug.app; sourceTree = BUILT_PRODUCTS_DIR; };
		49DBB8C323921D6100EBC759 /* AppDelegate.swift */ = {isa = PBXFileReference; lastKnownFileType = sourcecode.swift; path = AppDelegate.swift; sourceTree = "<group>"; };
		49DBB8C523921D6100EBC759 /* ContentView.swift */ = {isa = PBXFileReference; lastKnownFileType = sourcecode.swift; path = ContentView.swift; sourceTree = "<group>"; };
		49DBB8C723921D6200EBC759 /* Assets.xcassets */ = {isa = PBXFileReference; lastKnownFileType = folder.assetcatalog; path = Assets.xcassets; sourceTree = "<group>"; };
		49DBB8CA23921D6200EBC759 /* Preview Assets.xcassets */ = {isa = PBXFileReference; lastKnownFileType = folder.assetcatalog; path = "Preview Assets.xcassets"; sourceTree = "<group>"; };
		49DBB8CD23921D6200EBC759 /* Base */ = {isa = PBXFileReference; lastKnownFileType = file.storyboard; name = Base; path = Base.lproj/Main.storyboard; sourceTree = "<group>"; };
		49DBB8CF23921D6200EBC759 /* Info.plist */ = {isa = PBXFileReference; lastKnownFileType = text.plist.xml; path = Info.plist; sourceTree = "<group>"; };
		49DBB8D023921D6200EBC759 /* ModPlug.entitlements */ = {isa = PBXFileReference; lastKnownFileType = text.plist.entitlements; path = ModPlug.entitlements; sourceTree = "<group>"; };
		49DBB8D723921E2800EBC759 /* ModPlug-Bridging-Header.h */ = {isa = PBXFileReference; lastKnownFileType = sourcecode.c.h; path = "ModPlug-Bridging-Header.h"; sourceTree = "<group>"; };
		49DBB8D823921E2900EBC759 /* load_s3m.cpp */ = {isa = PBXFileReference; fileEncoding = 4; lastKnownFileType = sourcecode.cpp.cpp; path = load_s3m.cpp; sourceTree = "<group>"; };
		49DBB8D923921E2900EBC759 /* load_xm.cpp */ = {isa = PBXFileReference; fileEncoding = 4; lastKnownFileType = sourcecode.cpp.cpp; path = load_xm.cpp; sourceTree = "<group>"; };
		49DBB8DA23921E2900EBC759 /* load_dmf.cpp */ = {isa = PBXFileReference; fileEncoding = 4; lastKnownFileType = sourcecode.cpp.cpp; path = load_dmf.cpp; sourceTree = "<group>"; };
		49DBB8DB23921E2900EBC759 /* snd_flt.cpp */ = {isa = PBXFileReference; fileEncoding = 4; lastKnownFileType = sourcecode.cpp.cpp; path = snd_flt.cpp; sourceTree = "<group>"; };
		49DBB8DC23921E2900EBC759 /* tables.h */ = {isa = PBXFileReference; fileEncoding = 4; lastKnownFileType = sourcecode.c.h; path = tables.h; sourceTree = "<group>"; };
		49DBB8DD23921E2900EBC759 /* load_amf.cpp */ = {isa = PBXFileReference; fileEncoding = 4; lastKnownFileType = sourcecode.cpp.cpp; path = load_amf.cpp; sourceTree = "<group>"; };
		49DBB8DE23921E2900EBC759 /* load_669.cpp */ = {isa = PBXFileReference; fileEncoding = 4; lastKnownFileType = sourcecode.cpp.cpp; path = load_669.cpp; sourceTree = "<group>"; };
		49DBB8DF23921E2900EBC759 /* load_wav.cpp */ = {isa = PBXFileReference; fileEncoding = 4; lastKnownFileType = sourcecode.cpp.cpp; path = load_wav.cpp; sourceTree = "<group>"; };
		49DBB8E023921E2900EBC759 /* modplug.h */ = {isa = PBXFileReference; fileEncoding = 4; lastKnownFileType = sourcecode.c.h; path = modplug.h; sourceTree = "<group>"; };
		49DBB8E123921E2900EBC759 /* load_umx.cpp */ = {isa = PBXFileReference; fileEncoding = 4; lastKnownFileType = sourcecode.cpp.cpp; path = load_umx.cpp; sourceTree = "<group>"; };
		49DBB8E223921E2900EBC759 /* load_psm.cpp */ = {isa = PBXFileReference; fileEncoding = 4; lastKnownFileType = sourcecode.cpp.cpp; path = load_psm.cpp; sourceTree = "<group>"; };
		49DBB8E323921E2900EBC759 /* load_stm.cpp */ = {isa = PBXFileReference; fileEncoding = 4; lastKnownFileType = sourcecode.cpp.cpp; path = load_stm.cpp; sourceTree = "<group>"; };
		49DBB8E423921E2900EBC759 /* load_mid.cpp */ = {isa = PBXFileReference; fileEncoding = 4; lastKnownFileType = sourcecode.cpp.cpp; path = load_mid.cpp; sourceTree = "<group>"; };
		49DBB8E523921E2900EBC759 /* snd_fx.cpp */ = {isa = PBXFileReference; fileEncoding = 4; lastKnownFileType = sourcecode.cpp.cpp; path = snd_fx.cpp; sourceTree = "<group>"; };
		49DBB8E623921E2900EBC759 /* load_ptm.cpp */ = {isa = PBXFileReference; fileEncoding = 4; lastKnownFileType = sourcecode.cpp.cpp; path = load_ptm.cpp; sourceTree = "<group>"; };
		49DBB8E723921E2900EBC759 /* load_okt.cpp */ = {isa = PBXFileReference; fileEncoding = 4; lastKnownFileType = sourcecode.cpp.cpp; path = load_okt.cpp; sourceTree = "<group>"; };
		49DBB8E823921E2900EBC759 /* load_it.cpp */ = {isa = PBXFileReference; fileEncoding = 4; lastKnownFileType = sourcecode.cpp.cpp; path = load_it.cpp; sourceTree = "<group>"; };
		49DBB8E923921E2900EBC759 /* mmcmp.cpp */ = {isa = PBXFileReference; fileEncoding = 4; lastKnownFileType = sourcecode.cpp.cpp; path = mmcmp.cpp; sourceTree = "<group>"; };
		49DBB8EA23921E2900EBC759 /* fastmix.cpp */ = {isa = PBXFileReference; fileEncoding = 4; lastKnownFileType = sourcecode.cpp.cpp; path = fastmix.cpp; sourceTree = "<group>"; };
		49DBB8EB23921E2900EBC759 /* load_ams.cpp */ = {isa = PBXFileReference; fileEncoding = 4; lastKnownFileType = sourcecode.cpp.cpp; path = load_ams.cpp; sourceTree = "<group>"; };
		49DBB8EC23921E2900EBC759 /* load_pat.h */ = {isa = PBXFileReference; fileEncoding = 4; lastKnownFileType = sourcecode.c.h; path = load_pat.h; sourceTree = "<group>"; };
		49DBB8ED23921E2900EBC759 /* snd_dsp.cpp */ = {isa = PBXFileReference; fileEncoding = 4; lastKnownFileType = sourcecode.cpp.cpp; path = snd_dsp.cpp; sourceTree = "<group>"; };
		49DBB8EE23921E2900EBC759 /* load_mdl.cpp */ = {isa = PBXFileReference; fileEncoding = 4; lastKnownFileType = sourcecode.cpp.cpp; path = load_mdl.cpp; sourceTree = "<group>"; };
		49DBB8EF23921E2900EBC759 /* load_dbm.cpp */ = {isa = PBXFileReference; fileEncoding = 4; lastKnownFileType = sourcecode.cpp.cpp; path = load_dbm.cpp; sourceTree = "<group>"; };
		49DBB8F023921E2A00EBC759 /* sndfile.cpp */ = {isa = PBXFileReference; fileEncoding = 4; lastKnownFileType = sourcecode.cpp.cpp; path = sndfile.cpp; sourceTree = "<group>"; };
		49DBB8F123921E2A00EBC759 /* modplug.cpp */ = {isa = PBXFileReference; fileEncoding = 4; lastKnownFileType = sourcecode.cpp.cpp; path = modplug.cpp; sourceTree = "<group>"; };
		49DBB8F223921E2A00EBC759 /* load_pat.cpp */ = {isa = PBXFileReference; fileEncoding = 4; lastKnownFileType = sourcecode.cpp.cpp; path = load_pat.cpp; sourceTree = "<group>"; };
		49DBB8F323921E2A00EBC759 /* load_far.cpp */ = {isa = PBXFileReference; fileEncoding = 4; lastKnownFileType = sourcecode.cpp.cpp; path = load_far.cpp; sourceTree = "<group>"; };
		49DBB8F423921E2A00EBC759 /* load_j2b.cpp */ = {isa = PBXFileReference; fileEncoding = 4; lastKnownFileType = sourcecode.cpp.cpp; path = load_j2b.cpp; sourceTree = "<group>"; };
		49DBB8F523921E2A00EBC759 /* load_abc.cpp */ = {isa = PBXFileReference; fileEncoding = 4; lastKnownFileType = sourcecode.cpp.cpp; path = load_abc.cpp; sourceTree = "<group>"; };
		49DBB8F623921E2A00EBC759 /* load_ult.cpp */ = {isa = PBXFileReference; fileEncoding = 4; lastKnownFileType = sourcecode.cpp.cpp; path = load_ult.cpp; sourceTree = "<group>"; };
		49DBB8F723921E2A00EBC759 /* load_dsm.cpp */ = {isa = PBXFileReference; fileEncoding = 4; lastKnownFileType = sourcecode.cpp.cpp; path = load_dsm.cpp; sourceTree = "<group>"; };
		49DBB8F823921E2A00EBC759 /* load_mtm.cpp */ = {isa = PBXFileReference; fileEncoding = 4; lastKnownFileType = sourcecode.cpp.cpp; path = load_mtm.cpp; sourceTree = "<group>"; };
		49DBB8F923921E2A00EBC759 /* sndmix.cpp */ = {isa = PBXFileReference; fileEncoding = 4; lastKnownFileType = sourcecode.cpp.cpp; path = sndmix.cpp; sourceTree = "<group>"; };
		49DBB8FA23921E2A00EBC759 /* load_mod.cpp */ = {isa = PBXFileReference; fileEncoding = 4; lastKnownFileType = sourcecode.cpp.cpp; path = load_mod.cpp; sourceTree = "<group>"; };
		49DBB8FB23921E2A00EBC759 /* load_med.cpp */ = {isa = PBXFileReference; fileEncoding = 4; lastKnownFileType = sourcecode.cpp.cpp; path = load_med.cpp; sourceTree = "<group>"; };
		49DBB8FC23921E2A00EBC759 /* load_mt2.cpp */ = {isa = PBXFileReference; fileEncoding = 4; lastKnownFileType = sourcecode.cpp.cpp; path = load_mt2.cpp; sourceTree = "<group>"; };
		49DBB91F23921EB600EBC759 /* it_defs.h */ = {isa = PBXFileReference; fileEncoding = 4; lastKnownFileType = sourcecode.c.h; path = it_defs.h; sourceTree = "<group>"; };
		49DBB92023921EB600EBC759 /* sndfile.h */ = {isa = PBXFileReference; fileEncoding = 4; lastKnownFileType = sourcecode.c.h; path = sndfile.h; sourceTree = "<group>"; };
		49DBB92223921F3F00EBC759 /* libmodplug */ = {isa = PBXFileReference; lastKnownFileType = folder; path = libmodplug; sourceTree = "<group>"; };
		49DBB9242392201C00EBC759 /* stdafx.h */ = {isa = PBXFileReference; fileEncoding = 4; lastKnownFileType = sourcecode.c.h; path = stdafx.h; sourceTree = "<group>"; };
		49DBB9252392256800EBC759 /* DEADLOCK.XM */ = {isa = PBXFileReference; lastKnownFileType = file; path = DEADLOCK.XM; sourceTree = "<group>"; };
		49DBB9272392F95300EBC759 /* ModPlugPlayer.swift */ = {isa = PBXFileReference; lastKnownFileType = sourcecode.swift; path = ModPlugPlayer.swift; sourceTree = "<group>"; };
		49DBB92A2394579700EBC759 /* LCDPixelArt.swift */ = {isa = PBXFileReference; lastKnownFileType = sourcecode.swift; path = LCDPixelArt.swift; sourceTree = "<group>"; };
		49DBB92C2394590000EBC759 /* Cropped.swift */ = {isa = PBXFileReference; lastKnownFileType = sourcecode.swift; path = Cropped.swift; sourceTree = "<group>"; };
		49DBB92E2394B75F00EBC759 /* LCDText.swift */ = {isa = PBXFileReference; lastKnownFileType = sourcecode.swift; path = LCDText.swift; sourceTree = "<group>"; };
		49DBB9332394C1DD00EBC759 /* modplug_extra_api.cpp */ = {isa = PBXFileReference; lastKnownFileType = sourcecode.cpp.cpp; path = modplug_extra_api.cpp; sourceTree = "<group>"; };
		49DBB9342394C1DD00EBC759 /* modplug_extra_api.hpp */ = {isa = PBXFileReference; lastKnownFileType = sourcecode.cpp.h; path = modplug_extra_api.hpp; sourceTree = "<group>"; };
/* End PBXFileReference section */

/* Begin PBXFrameworksBuildPhase section */
		49DBB8BD23921D6100EBC759 /* Frameworks */ = {
			isa = PBXFrameworksBuildPhase;
			buildActionMask = 2147483647;
			files = (
			);
			runOnlyForDeploymentPostprocessing = 0;
		};
/* End PBXFrameworksBuildPhase section */

/* Begin PBXGroup section */
		49DBB8B723921D6100EBC759 = {
			isa = PBXGroup;
			children = (
				49DBB9252392256800EBC759 /* DEADLOCK.XM */,
				49DBB8D623921DE900EBC759 /* libmodplug */,
				49DBB8C223921D6100EBC759 /* ModPlug */,
				49DBB8C123921D6100EBC759 /* Products */,
			);
			sourceTree = "<group>";
		};
		49DBB8C123921D6100EBC759 /* Products */ = {
			isa = PBXGroup;
			children = (
				49DBB8C023921D6100EBC759 /* ModPlug.app */,
			);
			name = Products;
			sourceTree = "<group>";
		};
		49DBB8C223921D6100EBC759 /* ModPlug */ = {
			isa = PBXGroup;
			children = (
				49DBB9292394577200EBC759 /* PlayerWindow */,
				49DBB8C323921D6100EBC759 /* AppDelegate.swift */,
				49DBB8C523921D6100EBC759 /* ContentView.swift */,
				49DBB8C723921D6200EBC759 /* Assets.xcassets */,
				49DBB8CC23921D6200EBC759 /* Main.storyboard */,
				49DBB8CF23921D6200EBC759 /* Info.plist */,
				49DBB8D023921D6200EBC759 /* ModPlug.entitlements */,
				49DBB8C923921D6200EBC759 /* Preview Content */,
				49DBB9272392F95300EBC759 /* ModPlugPlayer.swift */,
				49DBB9332394C1DD00EBC759 /* modplug_extra_api.cpp */,
				49DBB9342394C1DD00EBC759 /* modplug_extra_api.hpp */,
			);
			path = ModPlug;
			sourceTree = "<group>";
		};
		49DBB8C923921D6200EBC759 /* Preview Content */ = {
			isa = PBXGroup;
			children = (
				49DBB8CA23921D6200EBC759 /* Preview Assets.xcassets */,
			);
			path = "Preview Content";
			sourceTree = "<group>";
		};
		49DBB8D623921DE900EBC759 /* libmodplug */ = {
			isa = PBXGroup;
			children = (
				49DBB9242392201C00EBC759 /* stdafx.h */,
				49DBB92223921F3F00EBC759 /* libmodplug */,
				49DBB91F23921EB600EBC759 /* it_defs.h */,
				49DBB92023921EB600EBC759 /* sndfile.h */,
				49DBB8EA23921E2900EBC759 /* fastmix.cpp */,
				49DBB8DE23921E2900EBC759 /* load_669.cpp */,
				49DBB8F523921E2A00EBC759 /* load_abc.cpp */,
				49DBB8DD23921E2900EBC759 /* load_amf.cpp */,
				49DBB8EB23921E2900EBC759 /* load_ams.cpp */,
				49DBB8EF23921E2900EBC759 /* load_dbm.cpp */,
				49DBB8DA23921E2900EBC759 /* load_dmf.cpp */,
				49DBB8F723921E2A00EBC759 /* load_dsm.cpp */,
				49DBB8F323921E2A00EBC759 /* load_far.cpp */,
				49DBB8E823921E2900EBC759 /* load_it.cpp */,
				49DBB8F423921E2A00EBC759 /* load_j2b.cpp */,
				49DBB8EE23921E2900EBC759 /* load_mdl.cpp */,
				49DBB8FB23921E2A00EBC759 /* load_med.cpp */,
				49DBB8E423921E2900EBC759 /* load_mid.cpp */,
				49DBB8FA23921E2A00EBC759 /* load_mod.cpp */,
				49DBB8FC23921E2A00EBC759 /* load_mt2.cpp */,
				49DBB8F823921E2A00EBC759 /* load_mtm.cpp */,
				49DBB8E723921E2900EBC759 /* load_okt.cpp */,
				49DBB8F223921E2A00EBC759 /* load_pat.cpp */,
				49DBB8EC23921E2900EBC759 /* load_pat.h */,
				49DBB8E223921E2900EBC759 /* load_psm.cpp */,
				49DBB8E623921E2900EBC759 /* load_ptm.cpp */,
				49DBB8D823921E2900EBC759 /* load_s3m.cpp */,
				49DBB8E323921E2900EBC759 /* load_stm.cpp */,
				49DBB8F623921E2A00EBC759 /* load_ult.cpp */,
				49DBB8E123921E2900EBC759 /* load_umx.cpp */,
				49DBB8DF23921E2900EBC759 /* load_wav.cpp */,
				49DBB8D923921E2900EBC759 /* load_xm.cpp */,
				49DBB8E923921E2900EBC759 /* mmcmp.cpp */,
				49DBB8F123921E2A00EBC759 /* modplug.cpp */,
				49DBB8E023921E2900EBC759 /* modplug.h */,
				49DBB8ED23921E2900EBC759 /* snd_dsp.cpp */,
				49DBB8DB23921E2900EBC759 /* snd_flt.cpp */,
				49DBB8E523921E2900EBC759 /* snd_fx.cpp */,
				49DBB8F023921E2A00EBC759 /* sndfile.cpp */,
				49DBB8F923921E2A00EBC759 /* sndmix.cpp */,
				49DBB8DC23921E2900EBC759 /* tables.h */,
				49DBB8D723921E2800EBC759 /* ModPlug-Bridging-Header.h */,
			);
			path = libmodplug;
			sourceTree = "<group>";
		};
		49DBB9292394577200EBC759 /* PlayerWindow */ = {
			isa = PBXGroup;
			children = (
				49DBB92A2394579700EBC759 /* LCDPixelArt.swift */,
				49DBB92C2394590000EBC759 /* Cropped.swift */,
				49DBB92E2394B75F00EBC759 /* LCDText.swift */,
			);
			path = PlayerWindow;
			sourceTree = "<group>";
		};
/* End PBXGroup section */

/* Begin PBXNativeTarget section */
		49DBB8BF23921D6100EBC759 /* ModPlug */ = {
			isa = PBXNativeTarget;
			buildConfigurationList = 49DBB8D323921D6200EBC759 /* Build configuration list for PBXNativeTarget "ModPlug" */;
			buildPhases = (
				49DBB8BC23921D6100EBC759 /* Sources */,
				49DBB8BD23921D6100EBC759 /* Frameworks */,
				49DBB8BE23921D6100EBC759 /* Resources */,
			);
			buildRules = (
			);
			dependencies = (
			);
			name = ModPlug;
			productName = ModPlug;
			productReference = 49DBB8C023921D6100EBC759 /* ModPlug.app */;
			productType = "com.apple.product-type.application";
		};
/* End PBXNativeTarget section */

/* Begin PBXProject section */
		49DBB8B823921D6100EBC759 /* Project object */ = {
			isa = PBXProject;
			attributes = {
				LastSwiftUpdateCheck = 1120;
				LastUpgradeCheck = 1120;
				ORGANIZATIONNAME = "Andrew Clunis";
				TargetAttributes = {
					49DBB8BF23921D6100EBC759 = {
						CreatedOnToolsVersion = 11.2.1;
						LastSwiftMigration = 1120;
					};
				};
			};
			buildConfigurationList = 49DBB8BB23921D6100EBC759 /* Build configuration list for PBXProject "ModPlug" */;
			compatibilityVersion = "Xcode 9.3";
			developmentRegion = en;
			hasScannedForEncodings = 0;
			knownRegions = (
				en,
				Base,
			);
			mainGroup = 49DBB8B723921D6100EBC759;
			productRefGroup = 49DBB8C123921D6100EBC759 /* Products */;
			projectDirPath = "";
			projectRoot = "";
			targets = (
				49DBB8BF23921D6100EBC759 /* ModPlug */,
			);
		};
/* End PBXProject section */

/* Begin PBXResourcesBuildPhase section */
		49DBB8BE23921D6100EBC759 /* Resources */ = {
			isa = PBXResourcesBuildPhase;
			buildActionMask = 2147483647;
			files = (
				49DBB8CE23921D6200EBC759 /* Main.storyboard in Resources */,
				49DBB92323921F3F00EBC759 /* libmodplug in Resources */,
				49DBB8CB23921D6200EBC759 /* Preview Assets.xcassets in Resources */,
				49DBB9262392262300EBC759 /* DEADLOCK.XM in Resources */,
				49DBB8C823921D6200EBC759 /* Assets.xcassets in Resources */,
			);
			runOnlyForDeploymentPostprocessing = 0;
		};
/* End PBXResourcesBuildPhase section */

/* Begin PBXSourcesBuildPhase section */
		49DBB8BC23921D6100EBC759 /* Sources */ = {
			isa = PBXSourcesBuildPhase;
			buildActionMask = 2147483647;
			files = (
				49DBB91323921E2A00EBC759 /* modplug.cpp in Sources */,
				49DBB8FE23921E2A00EBC759 /* load_xm.cpp in Sources */,
				49DBB91B23921E2A00EBC759 /* sndmix.cpp in Sources */,
				49DBB91523921E2A00EBC759 /* load_far.cpp in Sources */,
				49DBB91223921E2A00EBC759 /* sndfile.cpp in Sources */,
				49DBB91023921E2A00EBC759 /* load_mdl.cpp in Sources */,
				49DBB90D23921E2A00EBC759 /* fastmix.cpp in Sources */,
				49DBB90223921E2A00EBC759 /* load_669.cpp in Sources */,
				49DBB92F2394B75F00EBC759 /* LCDText.swift in Sources */,
				49DBB90C23921E2A00EBC759 /* mmcmp.cpp in Sources */,
				49DBB90923921E2A00EBC759 /* load_ptm.cpp in Sources */,
				49DBB91723921E2A00EBC759 /* load_abc.cpp in Sources */,
				49DBB91E23921E2A00EBC759 /* load_mt2.cpp in Sources */,
				49DBB92D2394590000EBC759 /* Cropped.swift in Sources */,
				49DBB91A23921E2A00EBC759 /* load_mtm.cpp in Sources */,
				49DBB91D23921E2A00EBC759 /* load_med.cpp in Sources */,
				49DBB90F23921E2A00EBC759 /* snd_dsp.cpp in Sources */,
				49DBB91623921E2A00EBC759 /* load_j2b.cpp in Sources */,
				49DBB90423921E2A00EBC759 /* load_umx.cpp in Sources */,
				49DBB90323921E2A00EBC759 /* load_wav.cpp in Sources */,
				49DBB90123921E2A00EBC759 /* load_amf.cpp in Sources */,
				49DBB8C623921D6100EBC759 /* ContentView.swift in Sources */,
				49DBB91423921E2A00EBC759 /* load_pat.cpp in Sources */,
				49DBB91923921E2A00EBC759 /* load_dsm.cpp in Sources */,
				49DBB91823921E2A00EBC759 /* load_ult.cpp in Sources */,
				49DBB90B23921E2A00EBC759 /* load_it.cpp in Sources */,
				49DBB90523921E2A00EBC759 /* load_psm.cpp in Sources */,
				49DBB90023921E2A00EBC759 /* snd_flt.cpp in Sources */,
				49DBB92B2394579700EBC759 /* LCDPixelArt.swift in Sources */,
				49DBB91C23921E2A00EBC759 /* load_mod.cpp in Sources */,
				49DBB91123921E2A00EBC759 /* load_dbm.cpp in Sources */,
				49DBB90623921E2A00EBC759 /* load_stm.cpp in Sources */,
				49DBB9352394C1DD00EBC759 /* modplug_extra_api.cpp in Sources */,
				49DBB90A23921E2A00EBC759 /* load_okt.cpp in Sources */,
				49DBB8FF23921E2A00EBC759 /* load_dmf.cpp in Sources */,
				49DBB8C423921D6100EBC759 /* AppDelegate.swift in Sources */,
				49DBB90723921E2A00EBC759 /* load_mid.cpp in Sources */,
				49DBB90E23921E2A00EBC759 /* load_ams.cpp in Sources */,
				49DBB8FD23921E2A00EBC759 /* load_s3m.cpp in Sources */,
				49DBB90823921E2A00EBC759 /* snd_fx.cpp in Sources */,
				49DBB9282392F95300EBC759 /* ModPlugPlayer.swift in Sources */,
			);
			runOnlyForDeploymentPostprocessing = 0;
		};
/* End PBXSourcesBuildPhase section */

/* Begin PBXVariantGroup section */
		49DBB8CC23921D6200EBC759 /* Main.storyboard */ = {
			isa = PBXVariantGroup;
			children = (
				49DBB8CD23921D6200EBC759 /* Base */,
			);
			name = Main.storyboard;
			sourceTree = "<group>";
		};
/* End PBXVariantGroup section */

/* Begin XCBuildConfiguration section */
		49DBB8D123921D6200EBC759 /* Debug */ = {
			isa = XCBuildConfiguration;
			buildSettings = {
				ALWAYS_SEARCH_USER_PATHS = NO;
				CLANG_ANALYZER_NONNULL = YES;
				CLANG_ANALYZER_NUMBER_OBJECT_CONVERSION = YES_AGGRESSIVE;
				CLANG_CXX_LANGUAGE_STANDARD = "gnu++14";
				CLANG_CXX_LIBRARY = "libc++";
				CLANG_ENABLE_MODULES = YES;
				CLANG_ENABLE_OBJC_ARC = YES;
				CLANG_ENABLE_OBJC_WEAK = YES;
				CLANG_WARN_BLOCK_CAPTURE_AUTORELEASING = YES;
				CLANG_WARN_BOOL_CONVERSION = YES;
				CLANG_WARN_COMMA = YES;
				CLANG_WARN_CONSTANT_CONVERSION = YES;
				CLANG_WARN_DEPRECATED_OBJC_IMPLEMENTATIONS = YES;
				CLANG_WARN_DIRECT_OBJC_ISA_USAGE = YES_ERROR;
				CLANG_WARN_DOCUMENTATION_COMMENTS = YES;
				CLANG_WARN_EMPTY_BODY = YES;
				CLANG_WARN_ENUM_CONVERSION = YES;
				CLANG_WARN_INFINITE_RECURSION = YES;
				CLANG_WARN_INT_CONVERSION = YES;
				CLANG_WARN_NON_LITERAL_NULL_CONVERSION = YES;
				CLANG_WARN_OBJC_IMPLICIT_RETAIN_SELF = YES;
				CLANG_WARN_OBJC_LITERAL_CONVERSION = YES;
				CLANG_WARN_OBJC_ROOT_CLASS = YES_ERROR;
				CLANG_WARN_RANGE_LOOP_ANALYSIS = YES;
				CLANG_WARN_STRICT_PROTOTYPES = YES;
				CLANG_WARN_SUSPICIOUS_MOVE = YES;
				CLANG_WARN_UNGUARDED_AVAILABILITY = YES_AGGRESSIVE;
				CLANG_WARN_UNREACHABLE_CODE = YES;
				CLANG_WARN__DUPLICATE_METHOD_MATCH = YES;
				COPY_PHASE_STRIP = NO;
				DEBUG_INFORMATION_FORMAT = dwarf;
				ENABLE_STRICT_OBJC_MSGSEND = YES;
				ENABLE_TESTABILITY = YES;
				GCC_C_LANGUAGE_STANDARD = gnu11;
				GCC_DYNAMIC_NO_PIC = NO;
				GCC_NO_COMMON_BLOCKS = YES;
				GCC_OPTIMIZATION_LEVEL = 0;
				GCC_PREPROCESSOR_DEFINITIONS = (
					"DEBUG=1",
					"$(inherited)",
				);
				GCC_WARN_64_TO_32_BIT_CONVERSION = YES;
				GCC_WARN_ABOUT_RETURN_TYPE = YES_ERROR;
				GCC_WARN_UNDECLARED_SELECTOR = YES;
				GCC_WARN_UNINITIALIZED_AUTOS = YES_AGGRESSIVE;
				GCC_WARN_UNUSED_FUNCTION = YES;
				GCC_WARN_UNUSED_VARIABLE = YES;
				MACOSX_DEPLOYMENT_TARGET = 10.15;
				MTL_ENABLE_DEBUG_INFO = INCLUDE_SOURCE;
				MTL_FAST_MATH = YES;
				ONLY_ACTIVE_ARCH = YES;
				SDKROOT = macosx;
				SWIFT_ACTIVE_COMPILATION_CONDITIONS = DEBUG;
				SWIFT_OPTIMIZATION_LEVEL = "-Onone";
			};
			name = Debug;
		};
		49DBB8D223921D6200EBC759 /* Release */ = {
			isa = XCBuildConfiguration;
			buildSettings = {
				ALWAYS_SEARCH_USER_PATHS = NO;
				CLANG_ANALYZER_NONNULL = YES;
				CLANG_ANALYZER_NUMBER_OBJECT_CONVERSION = YES_AGGRESSIVE;
				CLANG_CXX_LANGUAGE_STANDARD = "gnu++14";
				CLANG_CXX_LIBRARY = "libc++";
				CLANG_ENABLE_MODULES = YES;
				CLANG_ENABLE_OBJC_ARC = YES;
				CLANG_ENABLE_OBJC_WEAK = YES;
				CLANG_WARN_BLOCK_CAPTURE_AUTORELEASING = YES;
				CLANG_WARN_BOOL_CONVERSION = YES;
				CLANG_WARN_COMMA = YES;
				CLANG_WARN_CONSTANT_CONVERSION = YES;
				CLANG_WARN_DEPRECATED_OBJC_IMPLEMENTATIONS = YES;
				CLANG_WARN_DIRECT_OBJC_ISA_USAGE = YES_ERROR;
				CLANG_WARN_DOCUMENTATION_COMMENTS = YES;
				CLANG_WARN_EMPTY_BODY = YES;
				CLANG_WARN_ENUM_CONVERSION = YES;
				CLANG_WARN_INFINITE_RECURSION = YES;
				CLANG_WARN_INT_CONVERSION = YES;
				CLANG_WARN_NON_LITERAL_NULL_CONVERSION = YES;
				CLANG_WARN_OBJC_IMPLICIT_RETAIN_SELF = YES;
				CLANG_WARN_OBJC_LITERAL_CONVERSION = YES;
				CLANG_WARN_OBJC_ROOT_CLASS = YES_ERROR;
				CLANG_WARN_RANGE_LOOP_ANALYSIS = YES;
				CLANG_WARN_STRICT_PROTOTYPES = YES;
				CLANG_WARN_SUSPICIOUS_MOVE = YES;
				CLANG_WARN_UNGUARDED_AVAILABILITY = YES_AGGRESSIVE;
				CLANG_WARN_UNREACHABLE_CODE = YES;
				CLANG_WARN__DUPLICATE_METHOD_MATCH = YES;
				COPY_PHASE_STRIP = NO;
				DEBUG_INFORMATION_FORMAT = "dwarf-with-dsym";
				ENABLE_NS_ASSERTIONS = NO;
				ENABLE_STRICT_OBJC_MSGSEND = YES;
				GCC_C_LANGUAGE_STANDARD = gnu11;
				GCC_NO_COMMON_BLOCKS = YES;
				GCC_WARN_64_TO_32_BIT_CONVERSION = YES;
				GCC_WARN_ABOUT_RETURN_TYPE = YES_ERROR;
				GCC_WARN_UNDECLARED_SELECTOR = YES;
				GCC_WARN_UNINITIALIZED_AUTOS = YES_AGGRESSIVE;
				GCC_WARN_UNUSED_FUNCTION = YES;
				GCC_WARN_UNUSED_VARIABLE = YES;
				MACOSX_DEPLOYMENT_TARGET = 10.15;
				MTL_ENABLE_DEBUG_INFO = NO;
				MTL_FAST_MATH = YES;
				SDKROOT = macosx;
				SWIFT_COMPILATION_MODE = wholemodule;
				SWIFT_OPTIMIZATION_LEVEL = "-O";
			};
			name = Release;
		};
		49DBB8D423921D6200EBC759 /* Debug */ = {
			isa = XCBuildConfiguration;
			buildSettings = {
				ASSETCATALOG_COMPILER_APPICON_NAME = AppIcon;
				CLANG_ENABLE_MODULES = YES;
				CODE_SIGN_ENTITLEMENTS = ModPlug/ModPlug.entitlements;
				CODE_SIGN_STYLE = Automatic;
				COMBINE_HIDPI_IMAGES = YES;
				DEVELOPMENT_ASSET_PATHS = "\"ModPlug/Preview Content\"";
				DEVELOPMENT_TEAM = K2SY49BU54;
				ENABLE_HARDENED_RUNTIME = YES;
				ENABLE_PREVIEWS = YES;
				INFOPLIST_FILE = ModPlug/Info.plist;
				LD_RUNPATH_SEARCH_PATHS = (
					"$(inherited)",
					"@executable_path/../Frameworks",
				);
				MACOSX_DEPLOYMENT_TARGET = 10.15;
				OTHER_CPLUSPLUSFLAGS = (
					"$(OTHER_CFLAGS)",
					"-DHAVE_SINF",
					"-Ilibmodplug/libmodplug",
					"-DHAVE_SETENV",
				);
				PRODUCT_BUNDLE_IDENTIFIER = ca.orospakr.ModPlug;
				PRODUCT_NAME = "$(TARGET_NAME)";
				SWIFT_OBJC_BRIDGING_HEADER = "libmodplug/ModPlug-Bridging-Header.h";
				SWIFT_OPTIMIZATION_LEVEL = "-Onone";
				SWIFT_VERSION = 5.0;
			};
			name = Debug;
		};
		49DBB8D523921D6200EBC759 /* Release */ = {
			isa = XCBuildConfiguration;
			buildSettings = {
				ASSETCATALOG_COMPILER_APPICON_NAME = AppIcon;
				CLANG_ENABLE_MODULES = YES;
				CODE_SIGN_ENTITLEMENTS = ModPlug/ModPlug.entitlements;
				CODE_SIGN_STYLE = Automatic;
				COMBINE_HIDPI_IMAGES = YES;
				DEVELOPMENT_ASSET_PATHS = "\"ModPlug/Preview Content\"";
				DEVELOPMENT_TEAM = K2SY49BU54;
				ENABLE_HARDENED_RUNTIME = YES;
				ENABLE_PREVIEWS = YES;
				INFOPLIST_FILE = ModPlug/Info.plist;
				LD_RUNPATH_SEARCH_PATHS = (
					"$(inherited)",
					"@executable_path/../Frameworks",
				);
				MACOSX_DEPLOYMENT_TARGET = 10.15;
				OTHER_CPLUSPLUSFLAGS = (
					"$(OTHER_CFLAGS)",
					"-DHAVE_SINF",
					"-Ilibmodplug/libmodplug",
					"-DHAVE_SETENV",
				);
				PRODUCT_BUNDLE_IDENTIFIER = ca.orospakr.ModPlug;
				PRODUCT_NAME = "$(TARGET_NAME)";
				SWIFT_OBJC_BRIDGING_HEADER = "libmodplug/ModPlug-Bridging-Header.h";
				SWIFT_VERSION = 5.0;
			};
			name = Release;
		};
/* End XCBuildConfiguration section */

/* Begin XCConfigurationList section */
		49DBB8BB23921D6100EBC759 /* Build configuration list for PBXProject "ModPlug" */ = {
			isa = XCConfigurationList;
			buildConfigurations = (
				49DBB8D123921D6200EBC759 /* Debug */,
				49DBB8D223921D6200EBC759 /* Release */,
			);
			defaultConfigurationIsVisible = 0;
			defaultConfigurationName = Release;
		};
		49DBB8D323921D6200EBC759 /* Build configuration list for PBXNativeTarget "ModPlug" */ = {
			isa = XCConfigurationList;
			buildConfigurations = (
				49DBB8D423921D6200EBC759 /* Debug */,
				49DBB8D523921D6200EBC759 /* Release */,
			);
			defaultConfigurationIsVisible = 0;
			defaultConfigurationName = Release;
		};
/* End XCConfigurationList section */
	};
	rootObject = 49DBB8B823921D6100EBC759 /* Project object */;
}
